
Microsoft Visual Studio Solution File, Format Version 12.00
# Visual Studio 14
VisualStudioVersion = 14.0.25123.0
MinimumVisualStudioVersion = 10.0.40219.1
Project("{0778EE0E-16B6-4B81-A8D9-DC41448DF490}") = "Sitecore.Support.252270", "Sitecore.Support.252270\Sitecore.Support.252270.csproj", "{47838770-6DFC-4463-89AE-D2DE9DD02397}"
EndProject
Global
	GlobalSection(SolutionConfigurationPlatforms) = preSolution
		Debug|Any CPU = Debug|Any CPU
		Release|Any CPU = Release|Any CPU
	EndGlobalSection
	GlobalSection(ProjectConfigurationPlatforms) = postSolution
		{47838770-6DFC-4463-89AE-D2DE9DD02397}.Debug|Any CPU.ActiveCfg = Debug|Any CPU
		{47838770-6DFC-4463-89AE-D2DE9DD02397}.Debug|Any CPU.Build.0 = Debug|Any CPU
		{47838770-6DFC-4463-89AE-D2DE9DD02397}.Release|Any CPU.ActiveCfg = Release|Any CPU
		{47838770-6DFC-4463-89AE-D2DE9DD02397}.Release|Any CPU.Build.0 = Release|Any CPU
	EndGlobalSection
	GlobalSection(SolutionProperties) = preSolution
		HideSolutionNode = FALSE
	EndGlobalSection
EndGlobal
