
Microsoft Visual Studio Solution File, Format Version 12.00
# Visual Studio 14
VisualStudioVersion = 14.0.25123.0
MinimumVisualStudioVersion = 10.0.40219.1
Project("{7FB10916-A32A-4CA0-9F96-E9D83CBAFFF8}") = "Sitecore.Support.252270", "Sitecore.Support.252270\Sitecore.Support.252270.csproj", "{BE2E6394-B307-4DEE-B841-87624AE943D0}"
EndProject
Global
	GlobalSection(SolutionConfigurationPlatforms) = preSolution
		Debug|Any CPU = Debug|Any CPU
		Release|Any CPU = Release|Any CPU
	EndGlobalSection
	GlobalSection(ProjectConfigurationPlatforms) = postSolution
		{BE2E6394-B307-4DEE-B841-87624AE943D0}.Debug|Any CPU.ActiveCfg = Debug|Any CPU
		{BE2E6394-B307-4DEE-B841-87624AE943D0}.Debug|Any CPU.Build.0 = Debug|Any CPU
		{BE2E6394-B307-4DEE-B841-87624AE943D0}.Release|Any CPU.ActiveCfg = Release|Any CPU
		{BE2E6394-B307-4DEE-B841-87624AE943D0}.Release|Any CPU.Build.0 = Release|Any CPU
	EndGlobalSection
	GlobalSection(SolutionProperties) = preSolution
		HideSolutionNode = FALSE
	EndGlobalSection
EndGlobal
